// !$*UTF8*$!
{
	archiveVersion = 1;
	classes = {
	};
	objectVersion = 56;
	objects = {

/* Begin PBXBuildFile section */
		79795E022A17A2A00066FDC7 /* TravelListViewController.swift in Sources */ = {isa = PBXBuildFile; fileRef = 79795E012A17A2A00066FDC7 /* TravelListViewController.swift */; };
		79795E042A1A84E60066FDC7 /* CreateTravelViewController.swift in Sources */ = {isa = PBXBuildFile; fileRef = 79795E032A1A84E60066FDC7 /* CreateTravelViewController.swift */; };
		79795E062A1BA2700066FDC7 /* HomeViewModel.swift in Sources */ = {isa = PBXBuildFile; fileRef = 79795E052A1BA2700066FDC7 /* HomeViewModel.swift */; };
		79795E082A1BA5E10066FDC7 /* ChooseSuitcaseModelViewController.swift in Sources */ = {isa = PBXBuildFile; fileRef = 79795E072A1BA5E10066FDC7 /* ChooseSuitcaseModelViewController.swift */; };
		797FA7FD2A32791400418F61 /* ChooseSuitcaseViewModel.swift in Sources */ = {isa = PBXBuildFile; fileRef = 797FA7FC2A32791400418F61 /* ChooseSuitcaseViewModel.swift */; };
		797FA7FF2A34B52F00418F61 /* CreateTravelViewModel.swift in Sources */ = {isa = PBXBuildFile; fileRef = 797FA7FE2A34B52F00418F61 /* CreateTravelViewModel.swift */; };
		797FA8022A35D76000418F61 /* AlertInfo.swift in Sources */ = {isa = PBXBuildFile; fileRef = 797FA8012A35D76000418F61 /* AlertInfo.swift */; };
		797FA8042A35DF0200418F61 /* SuitcaseData.swift in Sources */ = {isa = PBXBuildFile; fileRef = 797FA8032A35DF0200418F61 /* SuitcaseData.swift */; };
		797FA8062A35DF2200418F61 /* SuitcaseItemData.swift in Sources */ = {isa = PBXBuildFile; fileRef = 797FA8052A35DF2200418F61 /* SuitcaseItemData.swift */; };
		797FA8092A35EFD300418F61 /* TestCoreDataStack.swift in Sources */ = {isa = PBXBuildFile; fileRef = 797FA8082A35EFD200418F61 /* TestCoreDataStack.swift */; };
		797FA80C2A360CF600418F61 /* EasyValiseMocks.swift in Sources */ = {isa = PBXBuildFile; fileRef = 797FA80B2A360CF600418F61 /* EasyValiseMocks.swift */; };
		797FA80E2A3619CB00418F61 /* ValidateTravelViewModelTests.swift in Sources */ = {isa = PBXBuildFile; fileRef = 797FA80D2A3619CB00418F61 /* ValidateTravelViewModelTests.swift */; };
		797FA8102A36401100418F61 /* ChooseSuitcaseViewModelTests.swift in Sources */ = {isa = PBXBuildFile; fileRef = 797FA80F2A36401100418F61 /* ChooseSuitcaseViewModelTests.swift */; };
		797FA8122A36431700418F61 /* CreateTravelViewModelTests.swift in Sources */ = {isa = PBXBuildFile; fileRef = 797FA8112A36431700418F61 /* CreateTravelViewModelTests.swift */; };
		797FA8142A364B2D00418F61 /* HomeViewModelTests.swift in Sources */ = {isa = PBXBuildFile; fileRef = 797FA8132A364B2D00418F61 /* HomeViewModelTests.swift */; };
		797FA8182A37820600418F61 /* TravelListViewModelTests.swift in Sources */ = {isa = PBXBuildFile; fileRef = 797FA8172A37820600418F61 /* TravelListViewModelTests.swift */; };
		7987226C2A22625100CF4ECA /* ModelSuitcaseCollectionViewCell.swift in Sources */ = {isa = PBXBuildFile; fileRef = 7987226A2A22625100CF4ECA /* ModelSuitcaseCollectionViewCell.swift */; };
		7987226D2A22625100CF4ECA /* ModelSuitcaseCollectionViewCell.xib in Resources */ = {isa = PBXBuildFile; fileRef = 7987226B2A22625100CF4ECA /* ModelSuitcaseCollectionViewCell.xib */; };
		798722702A23EF1C00CF4ECA /* ValidateTravelViewController.swift in Sources */ = {isa = PBXBuildFile; fileRef = 7987226F2A23EF1C00CF4ECA /* ValidateTravelViewController.swift */; };
		798722722A24B68300CF4ECA /* TravelData.swift in Sources */ = {isa = PBXBuildFile; fileRef = 798722712A24B68300CF4ECA /* TravelData.swift */; };
		798722F12A293B3100CF4ECA /* EasyValiseRepository.swift in Sources */ = {isa = PBXBuildFile; fileRef = 798722F02A293B3100CF4ECA /* EasyValiseRepository.swift */; };
		798722F32A2BB01600CF4ECA /* ValidateTravelViewModel.swift in Sources */ = {isa = PBXBuildFile; fileRef = 798722F22A2BB01600CF4ECA /* ValidateTravelViewModel.swift */; };
		798722F52A2BDE3500CF4ECA /* TravelListViewModel.swift in Sources */ = {isa = PBXBuildFile; fileRef = 798722F42A2BDE3500CF4ECA /* TravelListViewModel.swift */; };
		79885D8629F584F7007580E6 /* AppDelegate.swift in Sources */ = {isa = PBXBuildFile; fileRef = 79885D8529F584F7007580E6 /* AppDelegate.swift */; };
		79885D8829F584F7007580E6 /* SceneDelegate.swift in Sources */ = {isa = PBXBuildFile; fileRef = 79885D8729F584F7007580E6 /* SceneDelegate.swift */; };
		79885D8A29F584F7007580E6 /* HomeViewController.swift in Sources */ = {isa = PBXBuildFile; fileRef = 79885D8929F584F7007580E6 /* HomeViewController.swift */; };
		79885D8D29F584F7007580E6 /* Main.storyboard in Resources */ = {isa = PBXBuildFile; fileRef = 79885D8B29F584F7007580E6 /* Main.storyboard */; };
		79885D8F29F584F8007580E6 /* Assets.xcassets in Resources */ = {isa = PBXBuildFile; fileRef = 79885D8E29F584F8007580E6 /* Assets.xcassets */; };
		79885D9229F584F8007580E6 /* LaunchScreen.storyboard in Resources */ = {isa = PBXBuildFile; fileRef = 79885D9029F584F8007580E6 /* LaunchScreen.storyboard */; };
		79CE863D29F87D0000E83929 /* Item.swift in Sources */ = {isa = PBXBuildFile; fileRef = 79CE863C29F87D0000E83929 /* Item.swift */; };
		79CE863F29F87D4700E83929 /* Section.swift in Sources */ = {isa = PBXBuildFile; fileRef = 79CE863E29F87D4700E83929 /* Section.swift */; };
		79CE864129F87F9A00E83929 /* Suitcase.swift in Sources */ = {isa = PBXBuildFile; fileRef = 79CE864029F87F9A00E83929 /* Suitcase.swift */; };
		79CE864629FAC52600E83929 /* EasyValise.xcdatamodeld in Sources */ = {isa = PBXBuildFile; fileRef = 79CE864429FAC52600E83929 /* EasyValise.xcdatamodeld */; };
		79CE864929FAC55900E83929 /* CoreDataStack.swift in Sources */ = {isa = PBXBuildFile; fileRef = 79CE864829FAC55900E83929 /* CoreDataStack.swift */; };
		79CE868A29FD241D00E83929 /* Travel.swift in Sources */ = {isa = PBXBuildFile; fileRef = 79CE868929FD241D00E83929 /* Travel.swift */; };
		79CE868C29FE6CB800E83929 /* SuitcaseModels.swift in Sources */ = {isa = PBXBuildFile; fileRef = 79CE868B29FE6CB800E83929 /* SuitcaseModels.swift */; };
/* End PBXBuildFile section */

/* Begin PBXContainerItemProxy section */
		79885D9929F584F8007580E6 /* PBXContainerItemProxy */ = {
			isa = PBXContainerItemProxy;
			containerPortal = 79885D7A29F584F7007580E6 /* Project object */;
			proxyType = 1;
			remoteGlobalIDString = 79885D8129F584F7007580E6;
			remoteInfo = EasyValise;
		};
		79885DA329F584F8007580E6 /* PBXContainerItemProxy */ = {
			isa = PBXContainerItemProxy;
			containerPortal = 79885D7A29F584F7007580E6 /* Project object */;
			proxyType = 1;
			remoteGlobalIDString = 79885D8129F584F7007580E6;
			remoteInfo = EasyValise;
		};
/* End PBXContainerItemProxy section */

/* Begin PBXFileReference section */
		79795E012A17A2A00066FDC7 /* TravelListViewController.swift */ = {isa = PBXFileReference; lastKnownFileType = sourcecode.swift; path = TravelListViewController.swift; sourceTree = "<group>"; };
		79795E032A1A84E60066FDC7 /* CreateTravelViewController.swift */ = {isa = PBXFileReference; lastKnownFileType = sourcecode.swift; path = CreateTravelViewController.swift; sourceTree = "<group>"; };
		79795E052A1BA2700066FDC7 /* HomeViewModel.swift */ = {isa = PBXFileReference; lastKnownFileType = sourcecode.swift; path = HomeViewModel.swift; sourceTree = "<group>"; };
		79795E072A1BA5E10066FDC7 /* ChooseSuitcaseModelViewController.swift */ = {isa = PBXFileReference; lastKnownFileType = sourcecode.swift; path = ChooseSuitcaseModelViewController.swift; sourceTree = "<group>"; };
		797FA7FC2A32791400418F61 /* ChooseSuitcaseViewModel.swift */ = {isa = PBXFileReference; lastKnownFileType = sourcecode.swift; path = ChooseSuitcaseViewModel.swift; sourceTree = "<group>"; };
		797FA7FE2A34B52F00418F61 /* CreateTravelViewModel.swift */ = {isa = PBXFileReference; lastKnownFileType = sourcecode.swift; path = CreateTravelViewModel.swift; sourceTree = "<group>"; };
		797FA8012A35D76000418F61 /* AlertInfo.swift */ = {isa = PBXFileReference; lastKnownFileType = sourcecode.swift; path = AlertInfo.swift; sourceTree = "<group>"; };
		797FA8032A35DF0200418F61 /* SuitcaseData.swift */ = {isa = PBXFileReference; lastKnownFileType = sourcecode.swift; path = SuitcaseData.swift; sourceTree = "<group>"; };
		797FA8052A35DF2200418F61 /* SuitcaseItemData.swift */ = {isa = PBXFileReference; lastKnownFileType = sourcecode.swift; path = SuitcaseItemData.swift; sourceTree = "<group>"; };
		797FA8082A35EFD200418F61 /* TestCoreDataStack.swift */ = {isa = PBXFileReference; lastKnownFileType = sourcecode.swift; path = TestCoreDataStack.swift; sourceTree = "<group>"; };
		797FA80B2A360CF600418F61 /* EasyValiseMocks.swift */ = {isa = PBXFileReference; lastKnownFileType = sourcecode.swift; path = EasyValiseMocks.swift; sourceTree = "<group>"; };
		797FA80D2A3619CB00418F61 /* ValidateTravelViewModelTests.swift */ = {isa = PBXFileReference; lastKnownFileType = sourcecode.swift; path = ValidateTravelViewModelTests.swift; sourceTree = "<group>"; };
		797FA80F2A36401100418F61 /* ChooseSuitcaseViewModelTests.swift */ = {isa = PBXFileReference; lastKnownFileType = sourcecode.swift; path = ChooseSuitcaseViewModelTests.swift; sourceTree = "<group>"; };
		797FA8112A36431700418F61 /* CreateTravelViewModelTests.swift */ = {isa = PBXFileReference; lastKnownFileType = sourcecode.swift; path = CreateTravelViewModelTests.swift; sourceTree = "<group>"; };
		797FA8132A364B2D00418F61 /* HomeViewModelTests.swift */ = {isa = PBXFileReference; lastKnownFileType = sourcecode.swift; path = HomeViewModelTests.swift; sourceTree = "<group>"; };
		797FA8172A37820600418F61 /* TravelListViewModelTests.swift */ = {isa = PBXFileReference; lastKnownFileType = sourcecode.swift; path = TravelListViewModelTests.swift; sourceTree = "<group>"; };
		7987226A2A22625100CF4ECA /* ModelSuitcaseCollectionViewCell.swift */ = {isa = PBXFileReference; lastKnownFileType = sourcecode.swift; path = ModelSuitcaseCollectionViewCell.swift; sourceTree = "<group>"; };
		7987226B2A22625100CF4ECA /* ModelSuitcaseCollectionViewCell.xib */ = {isa = PBXFileReference; lastKnownFileType = file.xib; path = ModelSuitcaseCollectionViewCell.xib; sourceTree = "<group>"; };
		7987226F2A23EF1C00CF4ECA /* ValidateTravelViewController.swift */ = {isa = PBXFileReference; lastKnownFileType = sourcecode.swift; path = ValidateTravelViewController.swift; sourceTree = "<group>"; };
		798722712A24B68300CF4ECA /* TravelData.swift */ = {isa = PBXFileReference; lastKnownFileType = sourcecode.swift; path = TravelData.swift; sourceTree = "<group>"; };
		798722F02A293B3100CF4ECA /* EasyValiseRepository.swift */ = {isa = PBXFileReference; lastKnownFileType = sourcecode.swift; path = EasyValiseRepository.swift; sourceTree = "<group>"; };
		798722F22A2BB01600CF4ECA /* ValidateTravelViewModel.swift */ = {isa = PBXFileReference; lastKnownFileType = sourcecode.swift; path = ValidateTravelViewModel.swift; sourceTree = "<group>"; };
		798722F42A2BDE3500CF4ECA /* TravelListViewModel.swift */ = {isa = PBXFileReference; lastKnownFileType = sourcecode.swift; path = TravelListViewModel.swift; sourceTree = "<group>"; };
		79885D8229F584F7007580E6 /* EasyValise.app */ = {isa = PBXFileReference; explicitFileType = wrapper.application; includeInIndex = 0; path = EasyValise.app; sourceTree = BUILT_PRODUCTS_DIR; };
		79885D8529F584F7007580E6 /* AppDelegate.swift */ = {isa = PBXFileReference; lastKnownFileType = sourcecode.swift; path = AppDelegate.swift; sourceTree = "<group>"; };
		79885D8729F584F7007580E6 /* SceneDelegate.swift */ = {isa = PBXFileReference; lastKnownFileType = sourcecode.swift; path = SceneDelegate.swift; sourceTree = "<group>"; };
		79885D8929F584F7007580E6 /* HomeViewController.swift */ = {isa = PBXFileReference; lastKnownFileType = sourcecode.swift; path = HomeViewController.swift; sourceTree = "<group>"; };
		79885D8C29F584F7007580E6 /* Base */ = {isa = PBXFileReference; lastKnownFileType = file.storyboard; name = Base; path = Base.lproj/Main.storyboard; sourceTree = "<group>"; };
		79885D8E29F584F8007580E6 /* Assets.xcassets */ = {isa = PBXFileReference; lastKnownFileType = folder.assetcatalog; path = Assets.xcassets; sourceTree = "<group>"; };
		79885D9129F584F8007580E6 /* Base */ = {isa = PBXFileReference; lastKnownFileType = file.storyboard; name = Base; path = Base.lproj/LaunchScreen.storyboard; sourceTree = "<group>"; };
		79885D9329F584F8007580E6 /* Info.plist */ = {isa = PBXFileReference; lastKnownFileType = text.plist.xml; path = Info.plist; sourceTree = "<group>"; };
		79885D9829F584F8007580E6 /* EasyValiseTests.xctest */ = {isa = PBXFileReference; explicitFileType = wrapper.cfbundle; includeInIndex = 0; path = EasyValiseTests.xctest; sourceTree = BUILT_PRODUCTS_DIR; };
		79885DA229F584F8007580E6 /* EasyValiseUITests.xctest */ = {isa = PBXFileReference; explicitFileType = wrapper.cfbundle; includeInIndex = 0; path = EasyValiseUITests.xctest; sourceTree = BUILT_PRODUCTS_DIR; };
		79CE863C29F87D0000E83929 /* Item.swift */ = {isa = PBXFileReference; lastKnownFileType = sourcecode.swift; path = Item.swift; sourceTree = "<group>"; };
		79CE863E29F87D4700E83929 /* Section.swift */ = {isa = PBXFileReference; lastKnownFileType = sourcecode.swift; path = Section.swift; sourceTree = "<group>"; };
		79CE864029F87F9A00E83929 /* Suitcase.swift */ = {isa = PBXFileReference; lastKnownFileType = sourcecode.swift; path = Suitcase.swift; sourceTree = "<group>"; };
		79CE864529FAC52600E83929 /* EasyValise.xcdatamodel */ = {isa = PBXFileReference; lastKnownFileType = wrapper.xcdatamodel; path = EasyValise.xcdatamodel; sourceTree = "<group>"; };
		79CE864829FAC55900E83929 /* CoreDataStack.swift */ = {isa = PBXFileReference; lastKnownFileType = sourcecode.swift; path = CoreDataStack.swift; sourceTree = "<group>"; };
		79CE868929FD241D00E83929 /* Travel.swift */ = {isa = PBXFileReference; lastKnownFileType = sourcecode.swift; path = Travel.swift; sourceTree = "<group>"; };
		79CE868B29FE6CB800E83929 /* SuitcaseModels.swift */ = {isa = PBXFileReference; lastKnownFileType = sourcecode.swift; path = SuitcaseModels.swift; sourceTree = "<group>"; };
/* End PBXFileReference section */

/* Begin PBXFrameworksBuildPhase section */
		79885D7F29F584F7007580E6 /* Frameworks */ = {
			isa = PBXFrameworksBuildPhase;
			buildActionMask = 2147483647;
			files = (
			);
			runOnlyForDeploymentPostprocessing = 0;
		};
		79885D9529F584F8007580E6 /* Frameworks */ = {
			isa = PBXFrameworksBuildPhase;
			buildActionMask = 2147483647;
			files = (
			);
			runOnlyForDeploymentPostprocessing = 0;
		};
		79885D9F29F584F8007580E6 /* Frameworks */ = {
			isa = PBXFrameworksBuildPhase;
			buildActionMask = 2147483647;
			files = (
			);
			runOnlyForDeploymentPostprocessing = 0;
		};
/* End PBXFrameworksBuildPhase section */

/* Begin PBXGroup section */
		797FA8002A35D74300418F61 /* Utils */ = {
			isa = PBXGroup;
			children = (
				797FA8012A35D76000418F61 /* AlertInfo.swift */,
			);
			path = Utils;
			sourceTree = "<group>";
		};
		797FA8072A35E1D600418F61 /* CoreData Test */ = {
			isa = PBXGroup;
			children = (
				797FA8082A35EFD200418F61 /* TestCoreDataStack.swift */,
				797FA80B2A360CF600418F61 /* EasyValiseMocks.swift */,
			);
			path = "CoreData Test";
			sourceTree = "<group>";
		};
		7987226E2A22791D00CF4ECA /* ModelSuitcaseCollectionViewCell */ = {
			isa = PBXGroup;
			children = (
				7987226A2A22625100CF4ECA /* ModelSuitcaseCollectionViewCell.swift */,
				7987226B2A22625100CF4ECA /* ModelSuitcaseCollectionViewCell.xib */,
			);
			path = ModelSuitcaseCollectionViewCell;
			sourceTree = "<group>";
		};
		79885D7929F584F7007580E6 = {
			isa = PBXGroup;
			children = (
				79885D8429F584F7007580E6 /* EasyValise */,
				79885D9B29F584F8007580E6 /* EasyValiseTests */,
				79885D8329F584F7007580E6 /* Products */,
			);
			sourceTree = "<group>";
		};
		79885D8329F584F7007580E6 /* Products */ = {
			isa = PBXGroup;
			children = (
				79885D8229F584F7007580E6 /* EasyValise.app */,
				79885D9829F584F8007580E6 /* EasyValiseTests.xctest */,
				79885DA229F584F8007580E6 /* EasyValiseUITests.xctest */,
			);
			name = Products;
			sourceTree = "<group>";
		};
		79885D8429F584F7007580E6 /* EasyValise */ = {
			isa = PBXGroup;
			children = (
				79CE864729FAC52E00E83929 /* Core Data */,
				79CE863B29F85D4100E83929 /* Models */,
				79CE863A29F85D3600E83929 /* ViewModels */,
				79CE863929F85D1100E83929 /* Controllers */,
				79885DB529F6FC97007580E6 /* Views */,
				79885DB629F71B00007580E6 /* Supporting Files */,
				79885D9329F584F8007580E6 /* Info.plist */,
			);
			path = EasyValise;
			sourceTree = "<group>";
		};
		79885D9B29F584F8007580E6 /* EasyValiseTests */ = {
			isa = PBXGroup;
			children = (
				797FA8072A35E1D600418F61 /* CoreData Test */,
				797FA80D2A3619CB00418F61 /* ValidateTravelViewModelTests.swift */,
				797FA80F2A36401100418F61 /* ChooseSuitcaseViewModelTests.swift */,
				797FA8112A36431700418F61 /* CreateTravelViewModelTests.swift */,
				797FA8172A37820600418F61 /* TravelListViewModelTests.swift */,
				797FA8132A364B2D00418F61 /* HomeViewModelTests.swift */,
			);
			path = EasyValiseTests;
			sourceTree = "<group>";
		};
		79885DB529F6FC97007580E6 /* Views */ = {
			isa = PBXGroup;
			children = (
				79885D8B29F584F7007580E6 /* Main.storyboard */,
				79885D9029F584F8007580E6 /* LaunchScreen.storyboard */,
				7987226E2A22791D00CF4ECA /* ModelSuitcaseCollectionViewCell */,
			);
			path = Views;
			sourceTree = "<group>";
		};
		79885DB629F71B00007580E6 /* Supporting Files */ = {
			isa = PBXGroup;
			children = (
				797FA8002A35D74300418F61 /* Utils */,
				79885D8529F584F7007580E6 /* AppDelegate.swift */,
				79885D8729F584F7007580E6 /* SceneDelegate.swift */,
				79885D8E29F584F8007580E6 /* Assets.xcassets */,
			);
			path = "Supporting Files";
			sourceTree = "<group>";
		};
		79CE863929F85D1100E83929 /* Controllers */ = {
			isa = PBXGroup;
			children = (
				79885D8929F584F7007580E6 /* HomeViewController.swift */,
				79795E012A17A2A00066FDC7 /* TravelListViewController.swift */,
				79795E032A1A84E60066FDC7 /* CreateTravelViewController.swift */,
				79795E072A1BA5E10066FDC7 /* ChooseSuitcaseModelViewController.swift */,
				7987226F2A23EF1C00CF4ECA /* ValidateTravelViewController.swift */,
			);
			path = Controllers;
			sourceTree = "<group>";
		};
		79CE863A29F85D3600E83929 /* ViewModels */ = {
			isa = PBXGroup;
			children = (
				79795E052A1BA2700066FDC7 /* HomeViewModel.swift */,
				798722F42A2BDE3500CF4ECA /* TravelListViewModel.swift */,
				797FA7FE2A34B52F00418F61 /* CreateTravelViewModel.swift */,
				797FA7FC2A32791400418F61 /* ChooseSuitcaseViewModel.swift */,
				798722F22A2BB01600CF4ECA /* ValidateTravelViewModel.swift */,
			);
			path = ViewModels;
			sourceTree = "<group>";
		};
		79CE863B29F85D4100E83929 /* Models */ = {
			isa = PBXGroup;
			children = (
				79CE863C29F87D0000E83929 /* Item.swift */,
				79CE863E29F87D4700E83929 /* Section.swift */,
				79CE864029F87F9A00E83929 /* Suitcase.swift */,
				79CE868929FD241D00E83929 /* Travel.swift */,
				79CE868B29FE6CB800E83929 /* SuitcaseModels.swift */,
			);
			path = Models;
			sourceTree = "<group>";
		};
		79CE864729FAC52E00E83929 /* Core Data */ = {
			isa = PBXGroup;
			children = (
				79CE864429FAC52600E83929 /* EasyValise.xcdatamodeld */,
				79CE864829FAC55900E83929 /* CoreDataStack.swift */,
				798722712A24B68300CF4ECA /* TravelData.swift */,
				797FA8032A35DF0200418F61 /* SuitcaseData.swift */,
				798722F02A293B3100CF4ECA /* EasyValiseRepository.swift */,
				797FA8052A35DF2200418F61 /* SuitcaseItemData.swift */,
			);
			path = "Core Data";
			sourceTree = "<group>";
		};
/* End PBXGroup section */

/* Begin PBXNativeTarget section */
		79885D8129F584F7007580E6 /* EasyValise */ = {
			isa = PBXNativeTarget;
			buildConfigurationList = 79885DAC29F584F8007580E6 /* Build configuration list for PBXNativeTarget "EasyValise" */;
			buildPhases = (
				79885D7E29F584F7007580E6 /* Sources */,
				79885D7F29F584F7007580E6 /* Frameworks */,
				79885D8029F584F7007580E6 /* Resources */,
			);
			buildRules = (
			);
			dependencies = (
			);
			name = EasyValise;
			productName = EasyValise;
			productReference = 79885D8229F584F7007580E6 /* EasyValise.app */;
			productType = "com.apple.product-type.application";
		};
		79885D9729F584F8007580E6 /* EasyValiseTests */ = {
			isa = PBXNativeTarget;
			buildConfigurationList = 79885DAF29F584F8007580E6 /* Build configuration list for PBXNativeTarget "EasyValiseTests" */;
			buildPhases = (
				79885D9429F584F8007580E6 /* Sources */,
				79885D9529F584F8007580E6 /* Frameworks */,
				79885D9629F584F8007580E6 /* Resources */,
			);
			buildRules = (
			);
			dependencies = (
				79885D9A29F584F8007580E6 /* PBXTargetDependency */,
			);
			name = EasyValiseTests;
			productName = EasyValiseTests;
			productReference = 79885D9829F584F8007580E6 /* EasyValiseTests.xctest */;
			productType = "com.apple.product-type.bundle.unit-test";
		};
		79885DA129F584F8007580E6 /* EasyValiseUITests */ = {
			isa = PBXNativeTarget;
			buildConfigurationList = 79885DB229F584F8007580E6 /* Build configuration list for PBXNativeTarget "EasyValiseUITests" */;
			buildPhases = (
				79885D9E29F584F8007580E6 /* Sources */,
				79885D9F29F584F8007580E6 /* Frameworks */,
				79885DA029F584F8007580E6 /* Resources */,
			);
			buildRules = (
			);
			dependencies = (
				79885DA429F584F8007580E6 /* PBXTargetDependency */,
			);
			name = EasyValiseUITests;
			productName = EasyValiseUITests;
			productReference = 79885DA229F584F8007580E6 /* EasyValiseUITests.xctest */;
			productType = "com.apple.product-type.bundle.ui-testing";
		};
/* End PBXNativeTarget section */

/* Begin PBXProject section */
		79885D7A29F584F7007580E6 /* Project object */ = {
			isa = PBXProject;
			attributes = {
				BuildIndependentTargetsInParallel = 1;
				LastSwiftUpdateCheck = 1420;
				LastUpgradeCheck = 1420;
				TargetAttributes = {
					79885D8129F584F7007580E6 = {
						CreatedOnToolsVersion = 14.2;
					};
					79885D9729F584F8007580E6 = {
						CreatedOnToolsVersion = 14.2;
						TestTargetID = 79885D8129F584F7007580E6;
					};
					79885DA129F584F8007580E6 = {
						CreatedOnToolsVersion = 14.2;
						TestTargetID = 79885D8129F584F7007580E6;
					};
				};
			};
			buildConfigurationList = 79885D7D29F584F7007580E6 /* Build configuration list for PBXProject "EasyValise" */;
			compatibilityVersion = "Xcode 14.0";
			developmentRegion = en;
			hasScannedForEncodings = 0;
			knownRegions = (
				en,
				Base,
			);
			mainGroup = 79885D7929F584F7007580E6;
			productRefGroup = 79885D8329F584F7007580E6 /* Products */;
			projectDirPath = "";
			projectRoot = "";
			targets = (
				79885D8129F584F7007580E6 /* EasyValise */,
				79885D9729F584F8007580E6 /* EasyValiseTests */,
				79885DA129F584F8007580E6 /* EasyValiseUITests */,
			);
		};
/* End PBXProject section */

/* Begin PBXResourcesBuildPhase section */
		79885D8029F584F7007580E6 /* Resources */ = {
			isa = PBXResourcesBuildPhase;
			buildActionMask = 2147483647;
			files = (
				79885D9229F584F8007580E6 /* LaunchScreen.storyboard in Resources */,
				7987226D2A22625100CF4ECA /* ModelSuitcaseCollectionViewCell.xib in Resources */,
				79885D8F29F584F8007580E6 /* Assets.xcassets in Resources */,
				79885D8D29F584F7007580E6 /* Main.storyboard in Resources */,
			);
			runOnlyForDeploymentPostprocessing = 0;
		};
		79885D9629F584F8007580E6 /* Resources */ = {
			isa = PBXResourcesBuildPhase;
			buildActionMask = 2147483647;
			files = (
			);
			runOnlyForDeploymentPostprocessing = 0;
		};
		79885DA029F584F8007580E6 /* Resources */ = {
			isa = PBXResourcesBuildPhase;
			buildActionMask = 2147483647;
			files = (
			);
			runOnlyForDeploymentPostprocessing = 0;
		};
/* End PBXResourcesBuildPhase section */

/* Begin PBXSourcesBuildPhase section */
		79885D7E29F584F7007580E6 /* Sources */ = {
			isa = PBXSourcesBuildPhase;
			buildActionMask = 2147483647;
			files = (
				797FA8042A35DF0200418F61 /* SuitcaseData.swift in Sources */,
				79CE863F29F87D4700E83929 /* Section.swift in Sources */,
				79CE863D29F87D0000E83929 /* Item.swift in Sources */,
				79CE864129F87F9A00E83929 /* Suitcase.swift in Sources */,
				79885D8A29F584F7007580E6 /* HomeViewController.swift in Sources */,
				7987226C2A22625100CF4ECA /* ModelSuitcaseCollectionViewCell.swift in Sources */,
				79CE864629FAC52600E83929 /* EasyValise.xcdatamodeld in Sources */,
				79CE868A29FD241D00E83929 /* Travel.swift in Sources */,
				79795E022A17A2A00066FDC7 /* TravelListViewController.swift in Sources */,
				797FA7FD2A32791400418F61 /* ChooseSuitcaseViewModel.swift in Sources */,
				79885D8629F584F7007580E6 /* AppDelegate.swift in Sources */,
				798722722A24B68300CF4ECA /* TravelData.swift in Sources */,
				798722F52A2BDE3500CF4ECA /* TravelListViewModel.swift in Sources */,
				797FA8022A35D76000418F61 /* AlertInfo.swift in Sources */,
				797FA8062A35DF2200418F61 /* SuitcaseItemData.swift in Sources */,
				798722702A23EF1C00CF4ECA /* ValidateTravelViewController.swift in Sources */,
				798722F12A293B3100CF4ECA /* EasyValiseRepository.swift in Sources */,
				797FA7FF2A34B52F00418F61 /* CreateTravelViewModel.swift in Sources */,
				79795E042A1A84E60066FDC7 /* CreateTravelViewController.swift in Sources */,
				798722F32A2BB01600CF4ECA /* ValidateTravelViewModel.swift in Sources */,
				79CE864929FAC55900E83929 /* CoreDataStack.swift in Sources */,
				79CE868C29FE6CB800E83929 /* SuitcaseModels.swift in Sources */,
				79885D8829F584F7007580E6 /* SceneDelegate.swift in Sources */,
				79795E082A1BA5E10066FDC7 /* ChooseSuitcaseModelViewController.swift in Sources */,
				79795E062A1BA2700066FDC7 /* HomeViewModel.swift in Sources */,
			);
			runOnlyForDeploymentPostprocessing = 0;
		};
		79885D9429F584F8007580E6 /* Sources */ = {
			isa = PBXSourcesBuildPhase;
			buildActionMask = 2147483647;
			files = (
				797FA80E2A3619CB00418F61 /* ValidateTravelViewModelTests.swift in Sources */,
				797FA8092A35EFD300418F61 /* TestCoreDataStack.swift in Sources */,
				797FA8182A37820600418F61 /* TravelListViewModelTests.swift in Sources */,
				797FA8102A36401100418F61 /* ChooseSuitcaseViewModelTests.swift in Sources */,
				797FA80C2A360CF600418F61 /* EasyValiseMocks.swift in Sources */,
				797FA8122A36431700418F61 /* CreateTravelViewModelTests.swift in Sources */,
				797FA8142A364B2D00418F61 /* HomeViewModelTests.swift in Sources */,
			);
			runOnlyForDeploymentPostprocessing = 0;
		};
		79885D9E29F584F8007580E6 /* Sources */ = {
			isa = PBXSourcesBuildPhase;
			buildActionMask = 2147483647;
			files = (
			);
			runOnlyForDeploymentPostprocessing = 0;
		};
/* End PBXSourcesBuildPhase section */

/* Begin PBXTargetDependency section */
		79885D9A29F584F8007580E6 /* PBXTargetDependency */ = {
			isa = PBXTargetDependency;
			target = 79885D8129F584F7007580E6 /* EasyValise */;
			targetProxy = 79885D9929F584F8007580E6 /* PBXContainerItemProxy */;
		};
		79885DA429F584F8007580E6 /* PBXTargetDependency */ = {
			isa = PBXTargetDependency;
			target = 79885D8129F584F7007580E6 /* EasyValise */;
			targetProxy = 79885DA329F584F8007580E6 /* PBXContainerItemProxy */;
		};
/* End PBXTargetDependency section */

/* Begin PBXVariantGroup section */
		79885D8B29F584F7007580E6 /* Main.storyboard */ = {
			isa = PBXVariantGroup;
			children = (
				79885D8C29F584F7007580E6 /* Base */,
			);
			name = Main.storyboard;
			sourceTree = "<group>";
		};
		79885D9029F584F8007580E6 /* LaunchScreen.storyboard */ = {
			isa = PBXVariantGroup;
			children = (
				79885D9129F584F8007580E6 /* Base */,
			);
			name = LaunchScreen.storyboard;
			sourceTree = "<group>";
		};
/* End PBXVariantGroup section */

/* Begin XCBuildConfiguration section */
		79885DAA29F584F8007580E6 /* Debug */ = {
			isa = XCBuildConfiguration;
			buildSettings = {
				ALWAYS_SEARCH_USER_PATHS = NO;
				CLANG_ANALYZER_NONNULL = YES;
				CLANG_ANALYZER_NUMBER_OBJECT_CONVERSION = YES_AGGRESSIVE;
				CLANG_CXX_LANGUAGE_STANDARD = "gnu++20";
				CLANG_ENABLE_MODULES = YES;
				CLANG_ENABLE_OBJC_ARC = YES;
				CLANG_ENABLE_OBJC_WEAK = YES;
				CLANG_WARN_BLOCK_CAPTURE_AUTORELEASING = YES;
				CLANG_WARN_BOOL_CONVERSION = YES;
				CLANG_WARN_COMMA = YES;
				CLANG_WARN_CONSTANT_CONVERSION = YES;
				CLANG_WARN_DEPRECATED_OBJC_IMPLEMENTATIONS = YES;
				CLANG_WARN_DIRECT_OBJC_ISA_USAGE = YES_ERROR;
				CLANG_WARN_DOCUMENTATION_COMMENTS = YES;
				CLANG_WARN_EMPTY_BODY = YES;
				CLANG_WARN_ENUM_CONVERSION = YES;
				CLANG_WARN_INFINITE_RECURSION = YES;
				CLANG_WARN_INT_CONVERSION = YES;
				CLANG_WARN_NON_LITERAL_NULL_CONVERSION = YES;
				CLANG_WARN_OBJC_IMPLICIT_RETAIN_SELF = YES;
				CLANG_WARN_OBJC_LITERAL_CONVERSION = YES;
				CLANG_WARN_OBJC_ROOT_CLASS = YES_ERROR;
				CLANG_WARN_QUOTED_INCLUDE_IN_FRAMEWORK_HEADER = YES;
				CLANG_WARN_RANGE_LOOP_ANALYSIS = YES;
				CLANG_WARN_STRICT_PROTOTYPES = YES;
				CLANG_WARN_SUSPICIOUS_MOVE = YES;
				CLANG_WARN_UNGUARDED_AVAILABILITY = YES_AGGRESSIVE;
				CLANG_WARN_UNREACHABLE_CODE = YES;
				CLANG_WARN__DUPLICATE_METHOD_MATCH = YES;
				COPY_PHASE_STRIP = NO;
				DEBUG_INFORMATION_FORMAT = dwarf;
				ENABLE_STRICT_OBJC_MSGSEND = YES;
				ENABLE_TESTABILITY = YES;
				GCC_C_LANGUAGE_STANDARD = gnu11;
				GCC_DYNAMIC_NO_PIC = NO;
				GCC_NO_COMMON_BLOCKS = YES;
				GCC_OPTIMIZATION_LEVEL = 0;
				GCC_PREPROCESSOR_DEFINITIONS = (
					"DEBUG=1",
					"$(inherited)",
				);
				GCC_WARN_64_TO_32_BIT_CONVERSION = YES;
				GCC_WARN_ABOUT_RETURN_TYPE = YES_ERROR;
				GCC_WARN_UNDECLARED_SELECTOR = YES;
				GCC_WARN_UNINITIALIZED_AUTOS = YES_AGGRESSIVE;
				GCC_WARN_UNUSED_FUNCTION = YES;
				GCC_WARN_UNUSED_VARIABLE = YES;
				IPHONEOS_DEPLOYMENT_TARGET = 16.2;
				MTL_ENABLE_DEBUG_INFO = INCLUDE_SOURCE;
				MTL_FAST_MATH = YES;
				ONLY_ACTIVE_ARCH = YES;
				SDKROOT = iphoneos;
				SWIFT_ACTIVE_COMPILATION_CONDITIONS = DEBUG;
				SWIFT_OPTIMIZATION_LEVEL = "-Onone";
			};
			name = Debug;
		};
		79885DAB29F584F8007580E6 /* Release */ = {
			isa = XCBuildConfiguration;
			buildSettings = {
				ALWAYS_SEARCH_USER_PATHS = NO;
				CLANG_ANALYZER_NONNULL = YES;
				CLANG_ANALYZER_NUMBER_OBJECT_CONVERSION = YES_AGGRESSIVE;
				CLANG_CXX_LANGUAGE_STANDARD = "gnu++20";
				CLANG_ENABLE_MODULES = YES;
				CLANG_ENABLE_OBJC_ARC = YES;
				CLANG_ENABLE_OBJC_WEAK = YES;
				CLANG_WARN_BLOCK_CAPTURE_AUTORELEASING = YES;
				CLANG_WARN_BOOL_CONVERSION = YES;
				CLANG_WARN_COMMA = YES;
				CLANG_WARN_CONSTANT_CONVERSION = YES;
				CLANG_WARN_DEPRECATED_OBJC_IMPLEMENTATIONS = YES;
				CLANG_WARN_DIRECT_OBJC_ISA_USAGE = YES_ERROR;
				CLANG_WARN_DOCUMENTATION_COMMENTS = YES;
				CLANG_WARN_EMPTY_BODY = YES;
				CLANG_WARN_ENUM_CONVERSION = YES;
				CLANG_WARN_INFINITE_RECURSION = YES;
				CLANG_WARN_INT_CONVERSION = YES;
				CLANG_WARN_NON_LITERAL_NULL_CONVERSION = YES;
				CLANG_WARN_OBJC_IMPLICIT_RETAIN_SELF = YES;
				CLANG_WARN_OBJC_LITERAL_CONVERSION = YES;
				CLANG_WARN_OBJC_ROOT_CLASS = YES_ERROR;
				CLANG_WARN_QUOTED_INCLUDE_IN_FRAMEWORK_HEADER = YES;
				CLANG_WARN_RANGE_LOOP_ANALYSIS = YES;
				CLANG_WARN_STRICT_PROTOTYPES = YES;
				CLANG_WARN_SUSPICIOUS_MOVE = YES;
				CLANG_WARN_UNGUARDED_AVAILABILITY = YES_AGGRESSIVE;
				CLANG_WARN_UNREACHABLE_CODE = YES;
				CLANG_WARN__DUPLICATE_METHOD_MATCH = YES;
				COPY_PHASE_STRIP = NO;
				DEBUG_INFORMATION_FORMAT = "dwarf-with-dsym";
				ENABLE_NS_ASSERTIONS = NO;
				ENABLE_STRICT_OBJC_MSGSEND = YES;
				GCC_C_LANGUAGE_STANDARD = gnu11;
				GCC_NO_COMMON_BLOCKS = YES;
				GCC_WARN_64_TO_32_BIT_CONVERSION = YES;
				GCC_WARN_ABOUT_RETURN_TYPE = YES_ERROR;
				GCC_WARN_UNDECLARED_SELECTOR = YES;
				GCC_WARN_UNINITIALIZED_AUTOS = YES_AGGRESSIVE;
				GCC_WARN_UNUSED_FUNCTION = YES;
				GCC_WARN_UNUSED_VARIABLE = YES;
				IPHONEOS_DEPLOYMENT_TARGET = 16.2;
				MTL_ENABLE_DEBUG_INFO = NO;
				MTL_FAST_MATH = YES;
				SDKROOT = iphoneos;
				SWIFT_COMPILATION_MODE = wholemodule;
				SWIFT_OPTIMIZATION_LEVEL = "-O";
				VALIDATE_PRODUCT = YES;
			};
			name = Release;
		};
		79885DAD29F584F8007580E6 /* Debug */ = {
			isa = XCBuildConfiguration;
			buildSettings = {
				ASSETCATALOG_COMPILER_APPICON_NAME = AppIcon;
				ASSETCATALOG_COMPILER_GLOBAL_ACCENT_COLOR_NAME = AccentColor;
				CODE_SIGN_STYLE = Automatic;
				CURRENT_PROJECT_VERSION = 1;
				DEVELOPMENT_TEAM = QBQS223DK4;
				GENERATE_INFOPLIST_FILE = YES;
				INFOPLIST_FILE = EasyValise/Info.plist;
				INFOPLIST_KEY_UIApplicationSupportsIndirectInputEvents = YES;
				INFOPLIST_KEY_UILaunchStoryboardName = LaunchScreen;
				INFOPLIST_KEY_UIMainStoryboardFile = Main;
				INFOPLIST_KEY_UISupportedInterfaceOrientations_iPad = "UIInterfaceOrientationPortrait UIInterfaceOrientationPortraitUpsideDown UIInterfaceOrientationLandscapeLeft UIInterfaceOrientationLandscapeRight";
				INFOPLIST_KEY_UISupportedInterfaceOrientations_iPhone = "UIInterfaceOrientationPortrait UIInterfaceOrientationLandscapeLeft UIInterfaceOrientationLandscapeRight";
				LD_RUNPATH_SEARCH_PATHS = (
					"$(inherited)",
					"@executable_path/Frameworks",
				);
				MARKETING_VERSION = 1.0;
				MOMC_NO_INVERSE_RELATIONSHIP_WARNINGS = YES;
				PRODUCT_BUNDLE_IDENTIFIER = richardoc.EasyValise;
				PRODUCT_NAME = "$(TARGET_NAME)";
				SWIFT_EMIT_LOC_STRINGS = YES;
				SWIFT_VERSION = 5.0;
				TARGETED_DEVICE_FAMILY = "1,2";
			};
			name = Debug;
		};
		79885DAE29F584F8007580E6 /* Release */ = {
			isa = XCBuildConfiguration;
			buildSettings = {
				ASSETCATALOG_COMPILER_APPICON_NAME = AppIcon;
				ASSETCATALOG_COMPILER_GLOBAL_ACCENT_COLOR_NAME = AccentColor;
				CODE_SIGN_STYLE = Automatic;
				CURRENT_PROJECT_VERSION = 1;
				DEVELOPMENT_TEAM = QBQS223DK4;
				GENERATE_INFOPLIST_FILE = YES;
				INFOPLIST_FILE = EasyValise/Info.plist;
				INFOPLIST_KEY_UIApplicationSupportsIndirectInputEvents = YES;
				INFOPLIST_KEY_UILaunchStoryboardName = LaunchScreen;
				INFOPLIST_KEY_UIMainStoryboardFile = Main;
				INFOPLIST_KEY_UISupportedInterfaceOrientations_iPad = "UIInterfaceOrientationPortrait UIInterfaceOrientationPortraitUpsideDown UIInterfaceOrientationLandscapeLeft UIInterfaceOrientationLandscapeRight";
				INFOPLIST_KEY_UISupportedInterfaceOrientations_iPhone = "UIInterfaceOrientationPortrait UIInterfaceOrientationLandscapeLeft UIInterfaceOrientationLandscapeRight";
				LD_RUNPATH_SEARCH_PATHS = (
					"$(inherited)",
					"@executable_path/Frameworks",
				);
				MARKETING_VERSION = 1.0;
				MOMC_NO_INVERSE_RELATIONSHIP_WARNINGS = YES;
				PRODUCT_BUNDLE_IDENTIFIER = richardoc.EasyValise;
				PRODUCT_NAME = "$(TARGET_NAME)";
				SWIFT_EMIT_LOC_STRINGS = YES;
				SWIFT_VERSION = 5.0;
				TARGETED_DEVICE_FAMILY = "1,2";
			};
			name = Release;
		};
		79885DB029F584F8007580E6 /* Debug */ = {
			isa = XCBuildConfiguration;
			buildSettings = {
				ALWAYS_EMBED_SWIFT_STANDARD_LIBRARIES = YES;
				BUNDLE_LOADER = "$(TEST_HOST)";
				CODE_SIGN_STYLE = Automatic;
				CURRENT_PROJECT_VERSION = 1;
				DEVELOPMENT_TEAM = QBQS223DK4;
				GENERATE_INFOPLIST_FILE = YES;
				IPHONEOS_DEPLOYMENT_TARGET = 16.2;
				MARKETING_VERSION = 1.0;
				PRODUCT_BUNDLE_IDENTIFIER = richardoc.EasyValiseTests;
				PRODUCT_NAME = "$(TARGET_NAME)";
				SWIFT_EMIT_LOC_STRINGS = NO;
				SWIFT_VERSION = 5.0;
				TARGETED_DEVICE_FAMILY = "1,2";
				TEST_HOST = "$(BUILT_PRODUCTS_DIR)/EasyValise.app/$(BUNDLE_EXECUTABLE_FOLDER_PATH)/EasyValise";
			};
			name = Debug;
		};
		79885DB129F584F8007580E6 /* Release */ = {
			isa = XCBuildConfiguration;
			buildSettings = {
				ALWAYS_EMBED_SWIFT_STANDARD_LIBRARIES = YES;
				BUNDLE_LOADER = "$(TEST_HOST)";
				CODE_SIGN_STYLE = Automatic;
				CURRENT_PROJECT_VERSION = 1;
				DEVELOPMENT_TEAM = QBQS223DK4;
				GENERATE_INFOPLIST_FILE = YES;
				IPHONEOS_DEPLOYMENT_TARGET = 16.2;
				MARKETING_VERSION = 1.0;
				PRODUCT_BUNDLE_IDENTIFIER = richardoc.EasyValiseTests;
				PRODUCT_NAME = "$(TARGET_NAME)";
				SWIFT_EMIT_LOC_STRINGS = NO;
				SWIFT_VERSION = 5.0;
				TARGETED_DEVICE_FAMILY = "1,2";
				TEST_HOST = "$(BUILT_PRODUCTS_DIR)/EasyValise.app/$(BUNDLE_EXECUTABLE_FOLDER_PATH)/EasyValise";
			};
			name = Release;
		};
		79885DB329F584F8007580E6 /* Debug */ = {
			isa = XCBuildConfiguration;
			buildSettings = {
				ALWAYS_EMBED_SWIFT_STANDARD_LIBRARIES = YES;
				CODE_SIGN_STYLE = Automatic;
				CURRENT_PROJECT_VERSION = 1;
				DEVELOPMENT_TEAM = QBQS223DK4;
				GENERATE_INFOPLIST_FILE = YES;
				MARKETING_VERSION = 1.0;
				PRODUCT_BUNDLE_IDENTIFIER = richardoc.EasyValiseUITests;
				PRODUCT_NAME = "$(TARGET_NAME)";
				SWIFT_EMIT_LOC_STRINGS = NO;
				SWIFT_VERSION = 5.0;
				TARGETED_DEVICE_FAMILY = "1,2";
				TEST_TARGET_NAME = EasyValise;
			};
			name = Debug;
		};
		79885DB429F584F8007580E6 /* Release */ = {
			isa = XCBuildConfiguration;
			buildSettings = {
				ALWAYS_EMBED_SWIFT_STANDARD_LIBRARIES = YES;
				CODE_SIGN_STYLE = Automatic;
				CURRENT_PROJECT_VERSION = 1;
				DEVELOPMENT_TEAM = QBQS223DK4;
				GENERATE_INFOPLIST_FILE = YES;
				MARKETING_VERSION = 1.0;
				PRODUCT_BUNDLE_IDENTIFIER = richardoc.EasyValiseUITests;
				PRODUCT_NAME = "$(TARGET_NAME)";
				SWIFT_EMIT_LOC_STRINGS = NO;
				SWIFT_VERSION = 5.0;
				TARGETED_DEVICE_FAMILY = "1,2";
				TEST_TARGET_NAME = EasyValise;
			};
			name = Release;
		};
/* End XCBuildConfiguration section */

/* Begin XCConfigurationList section */
		79885D7D29F584F7007580E6 /* Build configuration list for PBXProject "EasyValise" */ = {
			isa = XCConfigurationList;
			buildConfigurations = (
				79885DAA29F584F8007580E6 /* Debug */,
				79885DAB29F584F8007580E6 /* Release */,
			);
			defaultConfigurationIsVisible = 0;
			defaultConfigurationName = Release;
		};
		79885DAC29F584F8007580E6 /* Build configuration list for PBXNativeTarget "EasyValise" */ = {
			isa = XCConfigurationList;
			buildConfigurations = (
				79885DAD29F584F8007580E6 /* Debug */,
				79885DAE29F584F8007580E6 /* Release */,
			);
			defaultConfigurationIsVisible = 0;
			defaultConfigurationName = Release;
		};
		79885DAF29F584F8007580E6 /* Build configuration list for PBXNativeTarget "EasyValiseTests" */ = {
			isa = XCConfigurationList;
			buildConfigurations = (
				79885DB029F584F8007580E6 /* Debug */,
				79885DB129F584F8007580E6 /* Release */,
			);
			defaultConfigurationIsVisible = 0;
			defaultConfigurationName = Release;
		};
		79885DB229F584F8007580E6 /* Build configuration list for PBXNativeTarget "EasyValiseUITests" */ = {
			isa = XCConfigurationList;
			buildConfigurations = (
				79885DB329F584F8007580E6 /* Debug */,
				79885DB429F584F8007580E6 /* Release */,
			);
			defaultConfigurationIsVisible = 0;
			defaultConfigurationName = Release;
		};
/* End XCConfigurationList section */

/* Begin XCVersionGroup section */
		79CE864429FAC52600E83929 /* EasyValise.xcdatamodeld */ = {
			isa = XCVersionGroup;
			children = (
				79CE864529FAC52600E83929 /* EasyValise.xcdatamodel */,
			);
			currentVersion = 79CE864529FAC52600E83929 /* EasyValise.xcdatamodel */;
			path = EasyValise.xcdatamodeld;
			sourceTree = "<group>";
			versionGroupType = wrapper.xcdatamodel;
		};
/* End XCVersionGroup section */
	};
	rootObject = 79885D7A29F584F7007580E6 /* Project object */;
}
